
Microsoft Visual Studio Solution File, Format Version 12.00
# Visual Studio 15
VisualStudioVersion = 15.0.28307.421
MinimumVisualStudioVersion = 10.0.40219.1
Project("{FAE04EC0-301F-11D3-BF4B-00C04F79EFBC}") = "EMSWebApi", "EMSWebApi\EMSWebApi.csproj", "{C676A1A2-4FA8-4B1A-8036-0B68331B2BD7}"
EndProject
Global
	GlobalSection(SolutionConfigurationPlatforms) = preSolution
		Debug|Any CPU = Debug|Any CPU
		Release|Any CPU = Release|Any CPU
	EndGlobalSection
	GlobalSection(ProjectConfigurationPlatforms) = postSolution
		{C676A1A2-4FA8-4B1A-8036-0B68331B2BD7}.Debug|Any CPU.ActiveCfg = Debug|Any CPU
		{C676A1A2-4FA8-4B1A-8036-0B68331B2BD7}.Debug|Any CPU.Build.0 = Debug|Any CPU
		{C676A1A2-4FA8-4B1A-8036-0B68331B2BD7}.Release|Any CPU.ActiveCfg = Release|Any CPU
		{C676A1A2-4FA8-4B1A-8036-0B68331B2BD7}.Release|Any CPU.Build.0 = Release|Any CPU
	EndGlobalSection
	GlobalSection(SolutionProperties) = preSolution
		HideSolutionNode = FALSE
	EndGlobalSection
	GlobalSection(ExtensibilityGlobals) = postSolution
		SolutionGuid = {96CC551C-3A0C-41C4-96CC-9425DCB8DC9A}
	EndGlobalSection
EndGlobal
